
Microsoft Visual Studio Solution File, Format Version 12.00
# Visual Studio Version 17
VisualStudioVersion = 17.11.35327.3
MinimumVisualStudioVersion = 10.0.40219.1
Project("{FAE04EC0-301F-11D3-BF4B-00C04F79EFBC}") = "MovieReviewApp", "MovieReviewApp.csproj", "{5D2E7F59-3965-4FFF-A9BD-7C06A0C73736}"
EndProject
Global
	GlobalSection(SolutionConfigurationPlatforms) = preSolution
		Debug|Any CPU = Debug|Any CPU
		Release|Any CPU = Release|Any CPU
	EndGlobalSection
	GlobalSection(ProjectConfigurationPlatforms) = postSolution
		{5D2E7F59-3965-4FFF-A9BD-7C06A0C73736}.Debug|Any CPU.ActiveCfg = Debug|Any CPU
		{5D2E7F59-3965-4FFF-A9BD-7C06A0C73736}.Debug|Any CPU.Build.0 = Debug|Any CPU
		{5D2E7F59-3965-4FFF-A9BD-7C06A0C73736}.Release|Any CPU.ActiveCfg = Release|Any CPU
		{5D2E7F59-3965-4FFF-A9BD-7C06A0C73736}.Release|Any CPU.Build.0 = Release|Any CPU
	EndGlobalSection
	GlobalSection(SolutionProperties) = preSolution
		HideSolutionNode = FALSE
	EndGlobalSection
	GlobalSection(ExtensibilityGlobals) = postSolution
		SolutionGuid = {5F64B08A-589D-43D2-8FC8-CED4475A7D4C}
	EndGlobalSection
EndGlobal
